
Microsoft Visual Studio Solution File, Format Version 12.00
# Visual Studio Version 17
VisualStudioVersion = 17.11.35327.3
MinimumVisualStudioVersion = 10.0.40219.1
Project("{FAE04EC0-301F-11D3-BF4B-00C04F79EFBC}") = "NewWebGISPage", "NewWebGISPage\NewWebGISPage.csproj", "{EACD7B3B-4B6F-4622-9254-A056660FE7AD}"
EndProject
Global
	GlobalSection(SolutionConfigurationPlatforms) = preSolution
		Debug|Any CPU = Debug|Any CPU
		Release|Any CPU = Release|Any CPU
	EndGlobalSection
	GlobalSection(ProjectConfigurationPlatforms) = postSolution
		{EACD7B3B-4B6F-4622-9254-A056660FE7AD}.Debug|Any CPU.ActiveCfg = Debug|Any CPU
		{EACD7B3B-4B6F-4622-9254-A056660FE7AD}.Debug|Any CPU.Build.0 = Debug|Any CPU
		{EACD7B3B-4B6F-4622-9254-A056660FE7AD}.Release|Any CPU.ActiveCfg = Release|Any CPU
		{EACD7B3B-4B6F-4622-9254-A056660FE7AD}.Release|Any CPU.Build.0 = Release|Any CPU
	EndGlobalSection
	GlobalSection(SolutionProperties) = preSolution
		HideSolutionNode = FALSE
	EndGlobalSection
	GlobalSection(ExtensibilityGlobals) = postSolution
		SolutionGuid = {C3F36293-F9B2-48AE-9CD8-614E81166033}
	EndGlobalSection
EndGlobal
